// !$*UTF8*$!
{
	archiveVersion = 1;
	classes = {
	};
	objectVersion = 56;
	objects = {

/* Begin PBXBuildFile section */
		12396CA22B7624670099A874 /* LRAtsSDK in Frameworks */ = {isa = PBXBuildFile; productRef = 12396CA12B7624670099A874 /* LRAtsSDK */; };
		12F2C9312B7621FC0026413A /* AppDelegate.swift in Sources */ = {isa = PBXBuildFile; fileRef = 12F2C9302B7621FC0026413A /* AppDelegate.swift */; };
		12F2C9352B7621FC0026413A /* GetEnvelopeViewController.swift in Sources */ = {isa = PBXBuildFile; fileRef = 12F2C9342B7621FC0026413A /* GetEnvelopeViewController.swift */; };
		12F2C9382B7621FC0026413A /* Main.storyboard in Resources */ = {isa = PBXBuildFile; fileRef = 12F2C9362B7621FC0026413A /* Main.storyboard */; };
		12F2C93A2B7622000026413A /* Assets.xcassets in Resources */ = {isa = PBXBuildFile; fileRef = 12F2C9392B7622000026413A /* Assets.xcassets */; };
		12F2C93D2B7622000026413A /* LaunchScreen.storyboard in Resources */ = {isa = PBXBuildFile; fileRef = 12F2C93B2B7622000026413A /* LaunchScreen.storyboard */; };
		B8AFDE9F2B860BBA0097647E /* Extensions.swift in Sources */ = {isa = PBXBuildFile; fileRef = B8AFDE9E2B860BBA0097647E /* Extensions.swift */; };
		B8AFDEA12B860DBB0097647E /* ConsentManager.swift in Sources */ = {isa = PBXBuildFile; fileRef = B8AFDEA02B860DBB0097647E /* ConsentManager.swift */; };
		B8FAE2472B8F4AB4007DA3EC /* LogObserver.swift in Sources */ = {isa = PBXBuildFile; fileRef = B8FAE2462B8F4AB4007DA3EC /* LogObserver.swift */; };
/* End PBXBuildFile section */

/* Begin PBXFileReference section */
		12F2C92D2B7621FC0026413A /* LRAtsSDKSample.app */ = {isa = PBXFileReference; explicitFileType = wrapper.application; includeInIndex = 0; path = LRAtsSDKSample.app; sourceTree = BUILT_PRODUCTS_DIR; };
		12F2C9302B7621FC0026413A /* AppDelegate.swift */ = {isa = PBXFileReference; lastKnownFileType = sourcecode.swift; path = AppDelegate.swift; sourceTree = "<group>"; };
		12F2C9342B7621FC0026413A /* GetEnvelopeViewController.swift */ = {isa = PBXFileReference; lastKnownFileType = sourcecode.swift; path = GetEnvelopeViewController.swift; sourceTree = "<group>"; };
		12F2C9372B7621FC0026413A /* Base */ = {isa = PBXFileReference; lastKnownFileType = file.storyboard; name = Base; path = Base.lproj/Main.storyboard; sourceTree = "<group>"; };
		12F2C9392B7622000026413A /* Assets.xcassets */ = {isa = PBXFileReference; lastKnownFileType = folder.assetcatalog; path = Assets.xcassets; sourceTree = "<group>"; };
		12F2C93C2B7622000026413A /* Base */ = {isa = PBXFileReference; lastKnownFileType = file.storyboard; name = Base; path = Base.lproj/LaunchScreen.storyboard; sourceTree = "<group>"; };
		12F2C93E2B7622000026413A /* Info.plist */ = {isa = PBXFileReference; lastKnownFileType = text.plist.xml; path = Info.plist; sourceTree = "<group>"; };
		B8AFDE9E2B860BBA0097647E /* Extensions.swift */ = {isa = PBXFileReference; lastKnownFileType = sourcecode.swift; path = Extensions.swift; sourceTree = "<group>"; };
		B8AFDEA02B860DBB0097647E /* ConsentManager.swift */ = {isa = PBXFileReference; lastKnownFileType = sourcecode.swift; path = ConsentManager.swift; sourceTree = "<group>"; };
		B8FAE2462B8F4AB4007DA3EC /* LogObserver.swift */ = {isa = PBXFileReference; lastKnownFileType = sourcecode.swift; path = LogObserver.swift; sourceTree = "<group>"; };
/* End PBXFileReference section */

/* Begin PBXFrameworksBuildPhase section */
		12F2C92A2B7621FC0026413A /* Frameworks */ = {
			isa = PBXFrameworksBuildPhase;
			buildActionMask = 2147483647;
			files = (
				12396CA22B7624670099A874 /* LRAtsSDK in Frameworks */,
			);
			runOnlyForDeploymentPostprocessing = 0;
		};
/* End PBXFrameworksBuildPhase section */

/* Begin PBXGroup section */
		12F2C9242B7621FC0026413A = {
			isa = PBXGroup;
			children = (
				12F2C92F2B7621FC0026413A /* LRAtsSDKSample */,
				12F2C92E2B7621FC0026413A /* Products */,
			);
			sourceTree = "<group>";
		};
		12F2C92E2B7621FC0026413A /* Products */ = {
			isa = PBXGroup;
			children = (
				12F2C92D2B7621FC0026413A /* LRAtsSDKSample.app */,
			);
			name = Products;
			sourceTree = "<group>";
		};
		12F2C92F2B7621FC0026413A /* LRAtsSDKSample */ = {
			isa = PBXGroup;
			children = (
				B82307582B8359DC00170384 /* Examples */,
				12F2C9442B76220F0026413A /* Internal */,
			);
			path = LRAtsSDKSample;
			sourceTree = "<group>";
		};
		12F2C9442B76220F0026413A /* Internal */ = {
			isa = PBXGroup;
			children = (
				12F2C9302B7621FC0026413A /* AppDelegate.swift */,
				12F2C9362B7621FC0026413A /* Main.storyboard */,
				12F2C9392B7622000026413A /* Assets.xcassets */,
				12F2C93B2B7622000026413A /* LaunchScreen.storyboard */,
				B8AFDE9E2B860BBA0097647E /* Extensions.swift */,
				B8AFDEA02B860DBB0097647E /* ConsentManager.swift */,
				12F2C93E2B7622000026413A /* Info.plist */,
				B8FAE2462B8F4AB4007DA3EC /* LogObserver.swift */,
			);
			path = Internal;
			sourceTree = "<group>";
		};
		B82307582B8359DC00170384 /* Examples */ = {
			isa = PBXGroup;
			children = (
				12F2C9342B7621FC0026413A /* GetEnvelopeViewController.swift */,
			);
			path = Examples;
			sourceTree = "<group>";
		};
/* End PBXGroup section */

/* Begin PBXNativeTarget section */
		12F2C92C2B7621FC0026413A /* LRAtsSDKSample */ = {
			isa = PBXNativeTarget;
			buildConfigurationList = 12F2C9412B7622000026413A /* Build configuration list for PBXNativeTarget "LRAtsSDKSample" */;
			buildPhases = (
				12F2C9292B7621FC0026413A /* Sources */,
				12F2C92A2B7621FC0026413A /* Frameworks */,
				12F2C92B2B7621FC0026413A /* Resources */,
			);
			buildRules = (
			);
			dependencies = (
			);
			name = LRAtsSDKSample;
			packageProductDependencies = (
				12396CA12B7624670099A874 /* LRAtsSDK */,
			);
			productName = LRAtsSDKSample;
			productReference = 12F2C92D2B7621FC0026413A /* LRAtsSDKSample.app */;
			productType = "com.apple.product-type.application";
		};
/* End PBXNativeTarget section */

/* Begin PBXProject section */
		12F2C9252B7621FC0026413A /* Project object */ = {
			isa = PBXProject;
			attributes = {
				BuildIndependentTargetsInParallel = 1;
				LastSwiftUpdateCheck = 1510;
				LastUpgradeCheck = 1510;
				TargetAttributes = {
					12F2C92C2B7621FC0026413A = {
						CreatedOnToolsVersion = 15.1;
					};
				};
			};
			buildConfigurationList = 12F2C9282B7621FC0026413A /* Build configuration list for PBXProject "LRAtsSDKSample" */;
			compatibilityVersion = "Xcode 14.0";
			developmentRegion = en;
			hasScannedForEncodings = 0;
			knownRegions = (
				en,
				Base,
			);
			mainGroup = 12F2C9242B7621FC0026413A;
			packageReferences = (
				12396CA02B7624670099A874 /* XCRemoteSwiftPackageReference "ats-sdk-ios" */,
			);
			productRefGroup = 12F2C92E2B7621FC0026413A /* Products */;
			projectDirPath = "";
			projectRoot = "";
			targets = (
				12F2C92C2B7621FC0026413A /* LRAtsSDKSample */,
			);
		};
/* End PBXProject section */

/* Begin PBXResourcesBuildPhase section */
		12F2C92B2B7621FC0026413A /* Resources */ = {
			isa = PBXResourcesBuildPhase;
			buildActionMask = 2147483647;
			files = (
				12F2C93D2B7622000026413A /* LaunchScreen.storyboard in Resources */,
				12F2C93A2B7622000026413A /* Assets.xcassets in Resources */,
				12F2C9382B7621FC0026413A /* Main.storyboard in Resources */,
			);
			runOnlyForDeploymentPostprocessing = 0;
		};
/* End PBXResourcesBuildPhase section */

/* Begin PBXSourcesBuildPhase section */
		12F2C9292B7621FC0026413A /* Sources */ = {
			isa = PBXSourcesBuildPhase;
			buildActionMask = 2147483647;
			files = (
				B8FAE2472B8F4AB4007DA3EC /* LogObserver.swift in Sources */,
				B8AFDEA12B860DBB0097647E /* ConsentManager.swift in Sources */,
				B8AFDE9F2B860BBA0097647E /* Extensions.swift in Sources */,
				12F2C9352B7621FC0026413A /* GetEnvelopeViewController.swift in Sources */,
				12F2C9312B7621FC0026413A /* AppDelegate.swift in Sources */,
			);
			runOnlyForDeploymentPostprocessing = 0;
		};
/* End PBXSourcesBuildPhase section */

/* Begin PBXVariantGroup section */
		12F2C9362B7621FC0026413A /* Main.storyboard */ = {
			isa = PBXVariantGroup;
			children = (
				12F2C9372B7621FC0026413A /* Base */,
			);
			name = Main.storyboard;
			sourceTree = "<group>";
		};
		12F2C93B2B7622000026413A /* LaunchScreen.storyboard */ = {
			isa = PBXVariantGroup;
			children = (
				12F2C93C2B7622000026413A /* Base */,
			);
			name = LaunchScreen.storyboard;
			sourceTree = "<group>";
		};
/* End PBXVariantGroup section */

/* Begin XCBuildConfiguration section */
		12F2C93F2B7622000026413A /* Debug */ = {
			isa = XCBuildConfiguration;
			buildSettings = {
				ALWAYS_SEARCH_USER_PATHS = NO;
				ASSETCATALOG_COMPILER_GENERATE_SWIFT_ASSET_SYMBOL_EXTENSIONS = YES;
				CLANG_ANALYZER_NONNULL = YES;
				CLANG_ANALYZER_NUMBER_OBJECT_CONVERSION = YES_AGGRESSIVE;
				CLANG_CXX_LANGUAGE_STANDARD = "gnu++20";
				CLANG_ENABLE_MODULES = YES;
				CLANG_ENABLE_OBJC_ARC = YES;
				CLANG_ENABLE_OBJC_WEAK = YES;
				CLANG_WARN_BLOCK_CAPTURE_AUTORELEASING = YES;
				CLANG_WARN_BOOL_CONVERSION = YES;
				CLANG_WARN_COMMA = YES;
				CLANG_WARN_CONSTANT_CONVERSION = YES;
				CLANG_WARN_DEPRECATED_OBJC_IMPLEMENTATIONS = YES;
				CLANG_WARN_DIRECT_OBJC_ISA_USAGE = YES_ERROR;
				CLANG_WARN_DOCUMENTATION_COMMENTS = YES;
				CLANG_WARN_EMPTY_BODY = YES;
				CLANG_WARN_ENUM_CONVERSION = YES;
				CLANG_WARN_INFINITE_RECURSION = YES;
				CLANG_WARN_INT_CONVERSION = YES;
				CLANG_WARN_NON_LITERAL_NULL_CONVERSION = YES;
				CLANG_WARN_OBJC_IMPLICIT_RETAIN_SELF = YES;
				CLANG_WARN_OBJC_LITERAL_CONVERSION = YES;
				CLANG_WARN_OBJC_ROOT_CLASS = YES_ERROR;
				CLANG_WARN_QUOTED_INCLUDE_IN_FRAMEWORK_HEADER = YES;
				CLANG_WARN_RANGE_LOOP_ANALYSIS = YES;
				CLANG_WARN_STRICT_PROTOTYPES = YES;
				CLANG_WARN_SUSPICIOUS_MOVE = YES;
				CLANG_WARN_UNGUARDED_AVAILABILITY = YES_AGGRESSIVE;
				CLANG_WARN_UNREACHABLE_CODE = YES;
				CLANG_WARN__DUPLICATE_METHOD_MATCH = YES;
				COPY_PHASE_STRIP = NO;
				DEBUG_INFORMATION_FORMAT = dwarf;
				ENABLE_STRICT_OBJC_MSGSEND = YES;
				ENABLE_TESTABILITY = YES;
				ENABLE_USER_SCRIPT_SANDBOXING = YES;
				GCC_C_LANGUAGE_STANDARD = gnu17;
				GCC_DYNAMIC_NO_PIC = NO;
				GCC_NO_COMMON_BLOCKS = YES;
				GCC_OPTIMIZATION_LEVEL = 0;
				GCC_PREPROCESSOR_DEFINITIONS = (
					"DEBUG=1",
					"$(inherited)",
				);
				GCC_WARN_64_TO_32_BIT_CONVERSION = YES;
				GCC_WARN_ABOUT_RETURN_TYPE = YES_ERROR;
				GCC_WARN_UNDECLARED_SELECTOR = YES;
				GCC_WARN_UNINITIALIZED_AUTOS = YES_AGGRESSIVE;
				GCC_WARN_UNUSED_FUNCTION = YES;
				GCC_WARN_UNUSED_VARIABLE = YES;
				IPHONEOS_DEPLOYMENT_TARGET = 17.2;
				LOCALIZATION_PREFERS_STRING_CATALOGS = YES;
				MTL_ENABLE_DEBUG_INFO = INCLUDE_SOURCE;
				MTL_FAST_MATH = YES;
				ONLY_ACTIVE_ARCH = YES;
				SDKROOT = iphoneos;
				SWIFT_ACTIVE_COMPILATION_CONDITIONS = "DEBUG $(inherited)";
				SWIFT_OPTIMIZATION_LEVEL = "-Onone";
			};
			name = Debug;
		};
		12F2C9402B7622000026413A /* Release */ = {
			isa = XCBuildConfiguration;
			buildSettings = {
				ALWAYS_SEARCH_USER_PATHS = NO;
				ASSETCATALOG_COMPILER_GENERATE_SWIFT_ASSET_SYMBOL_EXTENSIONS = YES;
				CLANG_ANALYZER_NONNULL = YES;
				CLANG_ANALYZER_NUMBER_OBJECT_CONVERSION = YES_AGGRESSIVE;
				CLANG_CXX_LANGUAGE_STANDARD = "gnu++20";
				CLANG_ENABLE_MODULES = YES;
				CLANG_ENABLE_OBJC_ARC = YES;
				CLANG_ENABLE_OBJC_WEAK = YES;
				CLANG_WARN_BLOCK_CAPTURE_AUTORELEASING = YES;
				CLANG_WARN_BOOL_CONVERSION = YES;
				CLANG_WARN_COMMA = YES;
				CLANG_WARN_CONSTANT_CONVERSION = YES;
				CLANG_WARN_DEPRECATED_OBJC_IMPLEMENTATIONS = YES;
				CLANG_WARN_DIRECT_OBJC_ISA_USAGE = YES_ERROR;
				CLANG_WARN_DOCUMENTATION_COMMENTS = YES;
				CLANG_WARN_EMPTY_BODY = YES;
				CLANG_WARN_ENUM_CONVERSION = YES;
				CLANG_WARN_INFINITE_RECURSION = YES;
				CLANG_WARN_INT_CONVERSION = YES;
				CLANG_WARN_NON_LITERAL_NULL_CONVERSION = YES;
				CLANG_WARN_OBJC_IMPLICIT_RETAIN_SELF = YES;
				CLANG_WARN_OBJC_LITERAL_CONVERSION = YES;
				CLANG_WARN_OBJC_ROOT_CLASS = YES_ERROR;
				CLANG_WARN_QUOTED_INCLUDE_IN_FRAMEWORK_HEADER = YES;
				CLANG_WARN_RANGE_LOOP_ANALYSIS = YES;
				CLANG_WARN_STRICT_PROTOTYPES = YES;
				CLANG_WARN_SUSPICIOUS_MOVE = YES;
				CLANG_WARN_UNGUARDED_AVAILABILITY = YES_AGGRESSIVE;
				CLANG_WARN_UNREACHABLE_CODE = YES;
				CLANG_WARN__DUPLICATE_METHOD_MATCH = YES;
				COPY_PHASE_STRIP = NO;
				DEBUG_INFORMATION_FORMAT = "dwarf-with-dsym";
				ENABLE_NS_ASSERTIONS = NO;
				ENABLE_STRICT_OBJC_MSGSEND = YES;
				ENABLE_USER_SCRIPT_SANDBOXING = YES;
				GCC_C_LANGUAGE_STANDARD = gnu17;
				GCC_NO_COMMON_BLOCKS = YES;
				GCC_WARN_64_TO_32_BIT_CONVERSION = YES;
				GCC_WARN_ABOUT_RETURN_TYPE = YES_ERROR;
				GCC_WARN_UNDECLARED_SELECTOR = YES;
				GCC_WARN_UNINITIALIZED_AUTOS = YES_AGGRESSIVE;
				GCC_WARN_UNUSED_FUNCTION = YES;
				GCC_WARN_UNUSED_VARIABLE = YES;
				IPHONEOS_DEPLOYMENT_TARGET = 17.2;
				LOCALIZATION_PREFERS_STRING_CATALOGS = YES;
				MTL_ENABLE_DEBUG_INFO = NO;
				MTL_FAST_MATH = YES;
				SDKROOT = iphoneos;
				SWIFT_COMPILATION_MODE = wholemodule;
				VALIDATE_PRODUCT = YES;
			};
			name = Release;
		};
		12F2C9422B7622000026413A /* Debug */ = {
			isa = XCBuildConfiguration;
			buildSettings = {
				ASSETCATALOG_COMPILER_APPICON_NAME = AppIcon;
				ASSETCATALOG_COMPILER_GLOBAL_ACCENT_COLOR_NAME = AccentColor;
				CODE_SIGN_STYLE = Automatic;
				CURRENT_PROJECT_VERSION = 1;
				DEVELOPMENT_TEAM = Z8LC84W7X4;
				GENERATE_INFOPLIST_FILE = YES;
				INFOPLIST_FILE = LRAtsSDKSample/Internal/Info.plist;
				INFOPLIST_KEY_NSUserTrackingUsageDescription = "We need this permission to deliver personalized ads to you.";
				INFOPLIST_KEY_UIApplicationSupportsIndirectInputEvents = YES;
				INFOPLIST_KEY_UILaunchStoryboardName = LaunchScreen;
				INFOPLIST_KEY_UIMainStoryboardFile = Main;
				INFOPLIST_KEY_UISupportedInterfaceOrientations_iPad = "UIInterfaceOrientationPortrait UIInterfaceOrientationPortraitUpsideDown UIInterfaceOrientationLandscapeLeft UIInterfaceOrientationLandscapeRight";
				INFOPLIST_KEY_UISupportedInterfaceOrientations_iPhone = "UIInterfaceOrientationPortrait UIInterfaceOrientationLandscapeLeft UIInterfaceOrientationLandscapeRight";
				IPHONEOS_DEPLOYMENT_TARGET = 15.0;
				LD_RUNPATH_SEARCH_PATHS = (
					"$(inherited)",
					"@executable_path/Frameworks",
				);
				MARKETING_VERSION = 1.0;
				PRODUCT_BUNDLE_IDENTIFIER = "com.liveramp.ats-sdk-ios.sample.LRAtsSDKSample";
				PRODUCT_NAME = "$(TARGET_NAME)";
				SWIFT_EMIT_LOC_STRINGS = YES;
				SWIFT_VERSION = 5.0;
				TARGETED_DEVICE_FAMILY = "1,2";
			};
			name = Debug;
		};
		12F2C9432B7622000026413A /* Release */ = {
			isa = XCBuildConfiguration;
			buildSettings = {
				ASSETCATALOG_COMPILER_APPICON_NAME = AppIcon;
				ASSETCATALOG_COMPILER_GLOBAL_ACCENT_COLOR_NAME = AccentColor;
				CODE_SIGN_STYLE = Automatic;
				CURRENT_PROJECT_VERSION = 1;
				DEVELOPMENT_TEAM = Z8LC84W7X4;
				GENERATE_INFOPLIST_FILE = YES;
				INFOPLIST_FILE = LRAtsSDKSample/Internal/Info.plist;
				INFOPLIST_KEY_NSUserTrackingUsageDescription = "We need this permission to deliver personalized ads to you.";
				INFOPLIST_KEY_UIApplicationSupportsIndirectInputEvents = YES;
				INFOPLIST_KEY_UILaunchStoryboardName = LaunchScreen;
				INFOPLIST_KEY_UIMainStoryboardFile = Main;
				INFOPLIST_KEY_UISupportedInterfaceOrientations_iPad = "UIInterfaceOrientationPortrait UIInterfaceOrientationPortraitUpsideDown UIInterfaceOrientationLandscapeLeft UIInterfaceOrientationLandscapeRight";
				INFOPLIST_KEY_UISupportedInterfaceOrientations_iPhone = "UIInterfaceOrientationPortrait UIInterfaceOrientationLandscapeLeft UIInterfaceOrientationLandscapeRight";
				IPHONEOS_DEPLOYMENT_TARGET = 15.0;
				LD_RUNPATH_SEARCH_PATHS = (
					"$(inherited)",
					"@executable_path/Frameworks",
				);
				MARKETING_VERSION = 1.0;
				PRODUCT_BUNDLE_IDENTIFIER = "com.liveramp.ats-sdk-ios.sample.LRAtsSDKSample";
				PRODUCT_NAME = "$(TARGET_NAME)";
				SWIFT_EMIT_LOC_STRINGS = YES;
				SWIFT_VERSION = 5.0;
				TARGETED_DEVICE_FAMILY = "1,2";
			};
			name = Release;
		};
/* End XCBuildConfiguration section */

/* Begin XCConfigurationList section */
		12F2C9282B7621FC0026413A /* Build configuration list for PBXProject "LRAtsSDKSample" */ = {
			isa = XCConfigurationList;
			buildConfigurations = (
				12F2C93F2B7622000026413A /* Debug */,
				12F2C9402B7622000026413A /* Release */,
			);
			defaultConfigurationIsVisible = 0;
			defaultConfigurationName = Release;
		};
		12F2C9412B7622000026413A /* Build configuration list for PBXNativeTarget "LRAtsSDKSample" */ = {
			isa = XCConfigurationList;
			buildConfigurations = (
				12F2C9422B7622000026413A /* Debug */,
				12F2C9432B7622000026413A /* Release */,
			);
			defaultConfigurationIsVisible = 0;
			defaultConfigurationName = Release;
		};
/* End XCConfigurationList section */

/* Begin XCRemoteSwiftPackageReference section */
		12396CA02B7624670099A874 /* XCRemoteSwiftPackageReference "ats-sdk-ios" */ = {
			isa = XCRemoteSwiftPackageReference;
			repositoryURL = "https://github.com/LiveRamp/ats-sdk-ios";
			requirement = {
				kind = upToNextMajorVersion;
				minimumVersion = 2.5.0;
			};
		};
/* End XCRemoteSwiftPackageReference section */

/* Begin XCSwiftPackageProductDependency section */
		12396CA12B7624670099A874 /* LRAtsSDK */ = {
			isa = XCSwiftPackageProductDependency;
			package = 12396CA02B7624670099A874 /* XCRemoteSwiftPackageReference "ats-sdk-ios" */;
			productName = LRAtsSDK;
		};
/* End XCSwiftPackageProductDependency section */
	};
	rootObject = 12F2C9252B7621FC0026413A /* Project object */;
}
